GEM
  remote: https://rubygems.org/
  specs:
    activesupport (7.2.3)
      base64
      benchmark (>= 0.3)
      bigdecimal
      concurrent-ruby (~> 1.0, >= 1.3.1)
      connection_pool (>= 2.2.5)
      drb
      i18n (>= 1.6, < 2)
      logger (>= 1.4.2)
      minitest (>= 5.1)
      securerandom (>= 0.3)
      tzinfo (~> 2.0, >= 2.0.5)
    addressable (2.8.8)
      public_suffix (>= 2.0.2, < 8.0)
    amazing_print (1.8.1)
    ansi (1.5.0)
    base64 (0.3.0)
    benchmark (0.5.0)
    bigdecimal (4.0.1)
    bridgetown (2.0.5)
      bridgetown-builder (= 2.0.5)
      bridgetown-core (= 2.0.5)
      bridgetown-foundation (= 2.0.5)
      bridgetown-paginate (= 2.0.5)
    bridgetown-builder (2.0.5)
      bridgetown-core (= 2.0.5)
    bridgetown-core (2.0.5)
      activesupport (>= 6.0, < 8.0)
      addressable (~> 2.4)
      amazing_print (~> 1.2)
      bridgetown-foundation (= 2.0.5)
      csv (~> 3.2)
      dry-inflector (>= 1.0)
      erubi (~> 1.9)
      faraday (~> 2.0)
      faraday-follow_redirects (~> 0.3)
      i18n (~> 1.0)
      irb (>= 1.14)
      kramdown (~> 2.1)
      kramdown-parser-gfm (~> 1.0)
      liquid (>= 5.0, < 5.5)
      listen (~> 3.0)
      rack (>= 3.0)
      rackup (~> 2.0)
      rake (>= 13.0)
      roda (~> 3.46)
      rouge (>= 3.0, < 5.0)
      serbea (~> 2.1)
      signalize (~> 1.3)
      streamlined (>= 0.6.0)
      thor (~> 1.1)
      tilt (~> 2.0)
      zeitwerk (~> 2.5)
    bridgetown-foundation (2.0.5)
      hash_with_dot_access (~> 2.0)
      inclusive (~> 1.0)
      zeitwerk (~> 2.5)
    bridgetown-paginate (2.0.5)
      bridgetown-core (= 2.0.5)
    bridgetown-seo-tag (7.0.1)
      bridgetown (>= 1.3)
    builder (3.3.0)
    concurrent-ruby (1.3.6)
    connection_pool (3.0.2)
    csv (3.3.5)
    date (3.5.1)
    drb (2.2.3)
    dry-inflector (1.2.0)
    erb (6.0.1)
    erubi (1.13.1)
    faraday (2.14.0)
      faraday-net_http (>= 2.0, < 3.5)
      json
      logger
    faraday-follow_redirects (0.4.0)
      faraday (>= 1, < 3)
    faraday-net_http (3.4.2)
      net-http (~> 0.5)
    ffi (1.17.2)
    ffi (1.17.2-aarch64-linux-gnu)
    ffi (1.17.2-aarch64-linux-musl)
    ffi (1.17.2-arm-linux-gnu)
    ffi (1.17.2-arm-linux-musl)
    ffi (1.17.2-arm64-darwin)
    ffi (1.17.2-x86-linux-gnu)
    ffi (1.17.2-x86-linux-musl)
    ffi (1.17.2-x86_64-darwin)
    ffi (1.17.2-x86_64-linux-gnu)
    ffi (1.17.2-x86_64-linux-musl)
    hash_with_dot_access (2.2.0)
    i18n (1.14.8)
      concurrent-ruby (~> 1.0)
    inclusive (1.1.0)
    io-console (0.8.2)
    irb (1.16.0)
      pp (>= 0.6.0)
      rdoc (>= 4.0.0)
      reline (>= 0.4.2)
    json (2.18.0)
    kramdown (2.5.1)
      rexml (>= 3.3.9)
    kramdown-parser-gfm (1.1.0)
      kramdown (~> 2.0)
    liquid (5.4.0)
    listen (3.9.0)
      rb-fsevent (~> 0.10, >= 0.10.3)
      rb-inotify (~> 0.9, >= 0.9.10)
    logger (1.7.0)
    minitest (6.0.0)
      prism (~> 1.5)
    minitest-reporters (1.7.1)
      ansi
      builder
      minitest (>= 5.0)
      ruby-progressbar
    net-http (0.9.1)
      uri (>= 0.11.1)
    nio4r (2.7.5)
    nokolexbor (0.6.2)
    nokolexbor (0.6.2-arm64-darwin)
    nokolexbor (0.6.2-x86_64-darwin)
    nokolexbor (0.6.2-x86_64-linux)
    pp (0.6.3)
      prettyprint
    prettyprint (0.2.0)
    prism (1.7.0)
    psych (5.3.1)
      date
      stringio
    public_suffix (7.0.0)
    puma (7.1.0)
      nio4r (~> 2.0)
    rack (3.2.4)
    rack-test (2.2.0)
      rack (>= 1.3)
    rackup (2.3.1)
      rack (>= 3)
    rake (13.3.1)
    rb-fsevent (0.11.2)
    rb-inotify (0.11.1)
      ffi (~> 1.0)
    rdoc (7.0.3)
      erb
      psych (>= 4.0.0)
      tsort
    reline (0.6.3)
      io-console (~> 0.5)
    rexml (3.4.4)
    roda (3.99.0)
      rack
    rouge (4.6.1)
    ruby-progressbar (1.13.0)
    securerandom (0.4.1)
    serbea (2.4.1)
      erubi (>= 1.13)
      tilt (>= 2.6)
    signalize (1.3.1)
      concurrent-ruby (~> 1.2)
    streamlined (0.6.2)
      serbea (>= 2.1)
      zeitwerk (~> 2.5)
    stringio (3.2.0)
    thor (1.4.0)
    tilt (2.6.1)
    tsort (0.2.0)
    tzinfo (2.0.6)
      concurrent-ruby (~> 1.0)
    uri (1.1.1)
    zeitwerk (2.7.4)

PLATFORMS
  aarch64-linux-gnu
  aarch64-linux-musl
  arm-linux-gnu
  arm-linux-musl
  arm64-darwin
  ruby
  x86-linux-gnu
  x86-linux-musl
  x86_64-darwin
  x86_64-linux-gnu
  x86_64-linux-musl

DEPENDENCIES
  bridgetown (~> 2.0.5)
  bridgetown-seo-tag (~> 7.0)
  minitest
  minitest-reporters
  nokolexbor (~> 0.6)
  puma (< 8)
  rack-test

CHECKSUMS
  activesupport (7.2.3) sha256=5675c9770dac93e371412684249f9dc3c8cec104efd0624362a520ae685c7b10
  addressable (2.8.8) sha256=7c13b8f9536cf6364c03b9d417c19986019e28f7c00ac8132da4eb0fe393b057
  amazing_print (1.8.1) sha256=f53b4e1881f53f9663cb222840c7a027d0e61d46cc908366965739559c0d6d68
  ansi (1.5.0) sha256=5408253274e33d9d27d4a98c46d2998266fd51cba58a7eb9d08f50e57ed23592
  base64 (0.3.0) sha256=27337aeabad6ffae05c265c450490628ef3ebd4b67be58257393227588f5a97b
  benchmark (0.5.0) sha256=465df122341aedcb81a2a24b4d3bd19b6c67c1530713fd533f3ff034e419236c
  bigdecimal (4.0.1) sha256=8b07d3d065a9f921c80ceaea7c9d4ae596697295b584c296fe599dd0ad01c4a7
  bridgetown (2.0.5) sha256=9c6741d368c47f9542494696f1e516b1cb03afe3295c03b42e0772858795b2b5
  bridgetown-builder (2.0.5) sha256=f493c0081086c0dec6db1fed0750db580c4f21b50d14d59d4e39aa2874351fe7
  bridgetown-core (2.0.5) sha256=539fdc7897f2dcc2c5d7180c53813a345747be762a53315c27cd54ae3e2b5105
  bridgetown-foundation (2.0.5) sha256=224a90acc90661de57d0115267858da12ce1a3b8dd457444ce46f3131ea081c6
  bridgetown-paginate (2.0.5) sha256=35e5a7a9aff6627d802fd419bd3a548753e11a120b89a85b6cd4e6ed213ae953
  bridgetown-seo-tag (7.0.1) sha256=bc876c646822c392ce14123d111bdc2a62f05f5a14fa86c3d42e269900b02e5b
  builder (3.3.0) sha256=497918d2f9dca528fdca4b88d84e4ef4387256d984b8154e9d5d3fe5a9c8835f
  concurrent-ruby (1.3.6) sha256=6b56837e1e7e5292f9864f34b69c5a2cbc75c0cf5338f1ce9903d10fa762d5ab
  connection_pool (3.0.2) sha256=33fff5ba71a12d2aa26cb72b1db8bba2a1a01823559fb01d29eb74c286e62e0a
  csv (3.3.5) sha256=6e5134ac3383ef728b7f02725d9872934f523cb40b961479f69cf3afa6c8e73f
  date (3.5.1) sha256=750d06384d7b9c15d562c76291407d89e368dda4d4fff957eb94962d325a0dc0
  drb (2.2.3) sha256=0b00d6fdb50995fe4a45dea13663493c841112e4068656854646f418fda13373
  dry-inflector (1.2.0) sha256=22f5d0b50fd57074ae57e2ca17e3b300e57564c218269dcf82ff3e42d3f38f2e
  erb (6.0.1) sha256=28ecdd99c5472aebd5674d6061e3c6b0a45c049578b071e5a52c2a7f13c197e5
  erubi (1.13.1) sha256=a082103b0885dbc5ecf1172fede897f9ebdb745a4b97a5e8dc63953db1ee4ad9
  faraday (2.14.0) sha256=8699cfe5d97e55268f2596f9a9d5a43736808a943714e3d9a53e6110593941cd
  faraday-follow_redirects (0.4.0) sha256=d3fa1118ab1350e24035a272b4cff64948643bb7182846db89acaf87abadd5d9
  faraday-net_http (3.4.2) sha256=f147758260d3526939bf57ecf911682f94926a3666502e24c69992765875906c
  ffi (1.17.2) sha256=297235842e5947cc3036ebe64077584bff583cd7a4e94e9a02fdec399ef46da6
  ffi (1.17.2-aarch64-linux-gnu) sha256=c910bd3cae70b76690418cce4572b7f6c208d271f323d692a067d59116211a1a
  ffi (1.17.2-aarch64-linux-musl) sha256=69e6556b091d45df83e6c3b19d3c54177c206910965155a6ec98de5e893c7b7c
  ffi (1.17.2-arm-linux-gnu) sha256=d4a438f2b40224ae42ec72f293b3ebe0ba2159f7d1bd47f8417e6af2f68dbaa5
  ffi (1.17.2-arm-linux-musl) sha256=977dfb7f3a6381206dbda9bc441d9e1f9366bf189a634559c3b7c182c497aaa3
  ffi (1.17.2-arm64-darwin) sha256=54dd9789be1d30157782b8de42d8f887a3c3c345293b57ffb6b45b4d1165f813
  ffi (1.17.2-x86-linux-gnu) sha256=95d8f9ebea23c39888e2ab85a02c98f54acb2f4e79b829250d7267ce741dc7b0
  ffi (1.17.2-x86-linux-musl) sha256=41741449bab2b9530f42a47baa5c26263925306fad0ac2d60887f51af2e3b24c
  ffi (1.17.2-x86_64-darwin) sha256=981f2d4e32ea03712beb26e55e972797c2c5a7b0257955d8667ba58f2da6440e
  ffi (1.17.2-x86_64-linux-gnu) sha256=05d2026fc9dbb7cfd21a5934559f16293815b7ce0314846fee2ac8efbdb823ea
  ffi (1.17.2-x86_64-linux-musl) sha256=97c0eb3981414309285a64dc4d466bd149e981c279a56371ef811395d68cb95c
  hash_with_dot_access (2.2.0) sha256=0ee95dabdefecce04e66396dd31f4675fd07eb829a32fd3e85c461b3eff89acc
  i18n (1.14.8) sha256=285778639134865c5e0f6269e0b818256017e8cde89993fdfcbfb64d088824a5
  inclusive (1.1.0) sha256=eb27e7a8bcc3dac12b1db3039c08cb4a3ae3beafa2e29f6ec66c8e87cb75bddb
  io-console (0.8.2) sha256=d6e3ae7a7cc7574f4b8893b4fca2162e57a825b223a177b7afa236c5ef9814cc
  irb (1.16.0) sha256=2abe56c9ac947cdcb2f150572904ba798c1e93c890c256f8429981a7675b0806
  json (2.18.0) sha256=b10506aee4183f5cf49e0efc48073d7b75843ce3782c68dbeb763351c08fd505
  kramdown (2.5.1) sha256=87bbb6abd9d3cebe4fc1f33e367c392b4500e6f8fa19dd61c0972cf4afe7368c
  kramdown-parser-gfm (1.1.0) sha256=fb39745516427d2988543bf01fc4cf0ab1149476382393e0e9c48592f6581729
  liquid (5.4.0) sha256=e362448c71cb88683d9c2df2819d7e47da3cdb37f757d0c99e3400d7e0030d40
  listen (3.9.0) sha256=db9e4424e0e5834480385197c139cb6b0ae0ef28cc13310cfd1ca78377d59c67
  logger (1.7.0) sha256=196edec7cc44b66cfb40f9755ce11b392f21f7967696af15d274dde7edff0203
  minitest (6.0.0) sha256=4ca597fc1d735ea18d2b4b98c5fb1d5a6da4a6f35ddf32bd5fa3eded33a453be
  minitest-reporters (1.7.1) sha256=5060413a0c95b8c32fe73e0606f3631c173a884d7900e50013e15094eb50562c
  net-http (0.9.1) sha256=25ba0b67c63e89df626ed8fac771d0ad24ad151a858af2cc8e6a716ca4336996
  nio4r (2.7.5) sha256=6c90168e48fb5f8e768419c93abb94ba2b892a1d0602cb06eef16d8b7df1dca1
  nokolexbor (0.6.2) sha256=5f010bc33e3810961ecefd291d97ec02bd2fbc12653c583ba08e2afbaa00a62b
  nokolexbor (0.6.2-arm64-darwin) sha256=5e801b2d1da8371a03f56ce22c3763f1c767da12dcfb5cec3624698829784dc8
  nokolexbor (0.6.2-x86_64-darwin) sha256=60869e2b7a0f40fc8d3834d4c6274c527c721b1107941c76a75e42e1aada9a50
  nokolexbor (0.6.2-x86_64-linux) sha256=8d0fbebf17a7a027c5c6adc3c68bb798ce84bdfb00e880c186c7b448f7fd8298
  pp (0.6.3) sha256=2951d514450b93ccfeb1df7d021cae0da16e0a7f95ee1e2273719669d0ab9df6
  prettyprint (0.2.0) sha256=2bc9e15581a94742064a3cc8b0fb9d45aae3d03a1baa6ef80922627a0766f193
  prism (1.7.0) sha256=10062f734bf7985c8424c44fac382ac04a58124ea3d220ec3ba9fe4f2da65103
  psych (5.3.1) sha256=eb7a57cef10c9d70173ff74e739d843ac3b2c019a003de48447b2963d81b1974
  public_suffix (7.0.0) sha256=f7090b5beb0e56f9f10d79eed4d5fbe551b3b425da65877e075dad47a6a1b095
  puma (7.1.0) sha256=e45c10cb124f224d448c98db653a75499794edbecadc440ad616cf50f2fd49dd
  rack (3.2.4) sha256=5d74b6f75082a643f43c1e76b419c40f0e5527fcfee1e669ac1e6b73c0ccb6f6
  rack-test (2.2.0) sha256=005a36692c306ac0b4a9350355ee080fd09ddef1148a5f8b2ac636c720f5c463
  rackup (2.3.1) sha256=6c79c26753778e90983761d677a48937ee3192b3ffef6bc963c0950f94688868
  rake (13.3.1) sha256=8c9e89d09f66a26a01264e7e3480ec0607f0c497a861ef16063604b1b08eb19c
  rb-fsevent (0.11.2) sha256=43900b972e7301d6570f64b850a5aa67833ee7d87b458ee92805d56b7318aefe
  rb-inotify (0.11.1) sha256=a0a700441239b0ff18eb65e3866236cd78613d6b9f78fea1f9ac47a85e47be6e
  rdoc (7.0.3) sha256=dfe3d0981d19b7bba71d9dbaeb57c9f4e3a7a4103162148a559c4fc687ea81f9
  reline (0.6.3) sha256=1198b04973565b36ec0f11542ab3f5cfeeec34823f4e54cebde90968092b1835
  rexml (3.4.4) sha256=19e0a2c3425dfbf2d4fc1189747bdb2f849b6c5e74180401b15734bc97b5d142
  roda (3.99.0) sha256=05d0f44bd3431bd429f8dd799d8eb5136f04abf469776ce722d6f8c94950d42f
  rouge (4.6.1) sha256=5075346d5797d6864be93f7adc75a16047a7dbfa572c63c502419ffa582c77de
  ruby-progressbar (1.13.0) sha256=80fc9c47a9b640d6834e0dc7b3c94c9df37f08cb072b7761e4a71e22cff29b33
  securerandom (0.4.1) sha256=cc5193d414a4341b6e225f0cb4446aceca8e50d5e1888743fac16987638ea0b1
  serbea (2.4.1) sha256=ac18f2ca3e1aabc0a15663b94a75fccc21b21b5a37772533cde65fe7c3941db8
  signalize (1.3.1) sha256=1afd7b717cfd17193cea5404a9b694b1adf793f53213c1f9c540c3a2341fa7f8
  streamlined (0.6.2) sha256=58c73a95d0decd3e4f5739be22be1d629682669d4093829189cb3edf7e332de6
  stringio (3.2.0) sha256=c37cb2e58b4ffbd33fe5cd948c05934af997b36e0b6ca6fdf43afa234cf222e1
  thor (1.4.0) sha256=8763e822ccb0f1d7bee88cde131b19a65606657b847cc7b7b4b82e772bcd8a3d
  tilt (2.6.1) sha256=35a99bba2adf7c1e362f5b48f9b581cce4edfba98117e34696dde6d308d84770
  tsort (0.2.0) sha256=9650a793f6859a43b6641671278f79cfead60ac714148aabe4e3f0060480089f
  tzinfo (2.0.6) sha256=8daf828cc77bcf7d63b0e3bdb6caa47e2272dcfaf4fbfe46f8c3a9df087a829b
  uri (1.1.1) sha256=379fa58d27ffb1387eaada68c749d1426738bd0f654d812fcc07e7568f5c57c6
  zeitwerk (2.7.4) sha256=2bef90f356bdafe9a6c2bd32bcd804f83a4f9b8bc27f3600fff051eb3edcec8b

BUNDLED WITH
  4.0.2
